
Microsoft Visual Studio Solution File, Format Version 12.00
# Visual Studio 15
VisualStudioVersion = 15.0.27130.2010
MinimumVisualStudioVersion = 10.0.40219.1
Project("{FAE04EC0-301F-11D3-BF4B-00C04F79EFBC}") = "Xzy.WebWx.Demo", "Xzy.WebWx.Demo\Xzy.WebWx.Demo.csproj", "{12CF172D-3796-4748-86A1-70D99CBC8ABB}"
EndProject
Global
	GlobalSection(SolutionConfigurationPlatforms) = preSolution
		Debug|Any CPU = Debug|Any CPU
		Release|Any CPU = Release|Any CPU
	EndGlobalSection
	GlobalSection(ProjectConfigurationPlatforms) = postSolution
		{12CF172D-3796-4748-86A1-70D99CBC8ABB}.Debug|Any CPU.ActiveCfg = Debug|Any CPU
		{12CF172D-3796-4748-86A1-70D99CBC8ABB}.Debug|Any CPU.Build.0 = Debug|Any CPU
		{12CF172D-3796-4748-86A1-70D99CBC8ABB}.Release|Any CPU.ActiveCfg = Release|Any CPU
		{12CF172D-3796-4748-86A1-70D99CBC8ABB}.Release|Any CPU.Build.0 = Release|Any CPU
	EndGlobalSection
	GlobalSection(SolutionProperties) = preSolution
		HideSolutionNode = FALSE
	EndGlobalSection
	GlobalSection(ExtensibilityGlobals) = postSolution
		SolutionGuid = {66D04BCE-DB9E-4C41-B0D4-57EC9D9F9B49}
	EndGlobalSection
EndGlobal
